
Microsoft Visual Studio Solution File, Format Version 12.00
# Visual Studio Version 16
VisualStudioVersion = 16.0.29709.97
MinimumVisualStudioVersion = 10.0.40219.1
Project("{9A19103F-16F7-4668-BE54-9A1E7A4F7556}") = "Paycompute", "Paycompute.csproj", "{AE35A1A3-42E8-47DB-8B66-F3EAC3B66E58}"
EndProject
Project("{9A19103F-16F7-4668-BE54-9A1E7A4F7556}") = "Paycompute.Services", "..\Paycompute.Services\Paycompute.Services.csproj", "{4984EDF1-415C-43CA-B48D-A92E8D95A469}"
EndProject
Project("{9A19103F-16F7-4668-BE54-9A1E7A4F7556}") = "Paycompute.Persistence", "..\Paycompute.Persistence\Paycompute.Persistence.csproj", "{71CFCD4F-0442-492E-B648-F6A1B09EE222}"
EndProject
Project("{9A19103F-16F7-4668-BE54-9A1E7A4F7556}") = "Paycompute.Entity", "..\Paycompute.Entity\Paycompute.Entity.csproj", "{95597212-427B-4B86-89D0-312AC4314FFA}"
EndProject
Global
	GlobalSection(SolutionConfigurationPlatforms) = preSolution
		Debug|Any CPU = Debug|Any CPU
		Release|Any CPU = Release|Any CPU
	EndGlobalSection
	GlobalSection(ProjectConfigurationPlatforms) = postSolution
		{AE35A1A3-42E8-47DB-8B66-F3EAC3B66E58}.Debug|Any CPU.ActiveCfg = Debug|Any CPU
		{AE35A1A3-42E8-47DB-8B66-F3EAC3B66E58}.Debug|Any CPU.Build.0 = Debug|Any CPU
		{AE35A1A3-42E8-47DB-8B66-F3EAC3B66E58}.Release|Any CPU.ActiveCfg = Release|Any CPU
		{AE35A1A3-42E8-47DB-8B66-F3EAC3B66E58}.Release|Any CPU.Build.0 = Release|Any CPU
		{4984EDF1-415C-43CA-B48D-A92E8D95A469}.Debug|Any CPU.ActiveCfg = Debug|Any CPU
		{4984EDF1-415C-43CA-B48D-A92E8D95A469}.Debug|Any CPU.Build.0 = Debug|Any CPU
		{4984EDF1-415C-43CA-B48D-A92E8D95A469}.Release|Any CPU.ActiveCfg = Release|Any CPU
		{4984EDF1-415C-43CA-B48D-A92E8D95A469}.Release|Any CPU.Build.0 = Release|Any CPU
		{71CFCD4F-0442-492E-B648-F6A1B09EE222}.Debug|Any CPU.ActiveCfg = Debug|Any CPU
		{71CFCD4F-0442-492E-B648-F6A1B09EE222}.Debug|Any CPU.Build.0 = Debug|Any CPU
		{71CFCD4F-0442-492E-B648-F6A1B09EE222}.Release|Any CPU.ActiveCfg = Release|Any CPU
		{71CFCD4F-0442-492E-B648-F6A1B09EE222}.Release|Any CPU.Build.0 = Release|Any CPU
		{95597212-427B-4B86-89D0-312AC4314FFA}.Debug|Any CPU.ActiveCfg = Debug|Any CPU
		{95597212-427B-4B86-89D0-312AC4314FFA}.Debug|Any CPU.Build.0 = Debug|Any CPU
		{95597212-427B-4B86-89D0-312AC4314FFA}.Release|Any CPU.ActiveCfg = Release|Any CPU
		{95597212-427B-4B86-89D0-312AC4314FFA}.Release|Any CPU.Build.0 = Release|Any CPU
	EndGlobalSection
	GlobalSection(SolutionProperties) = preSolution
		HideSolutionNode = FALSE
	EndGlobalSection
	GlobalSection(ExtensibilityGlobals) = postSolution
		SolutionGuid = {DF7D0CAC-DE86-44AA-8C9B-1899DC834314}
	EndGlobalSection
EndGlobal
